
Microsoft Visual Studio Solution File, Format Version 12.00
# Visual Studio Version 17
VisualStudioVersion = 17.7.34024.191
MinimumVisualStudioVersion = 10.0.40219.1
Project("{FAE04EC0-301F-11D3-BF4B-00C04F79EFBC}") = "Login", "Login.csproj", "{52DC9252-5FCC-4B46-AA44-6FCED1199432}"
EndProject
Global
	GlobalSection(SolutionConfigurationPlatforms) = preSolution
		Debug|Any CPU = Debug|Any CPU
		Release|Any CPU = Release|Any CPU
	EndGlobalSection
	GlobalSection(ProjectConfigurationPlatforms) = postSolution
		{52DC9252-5FCC-4B46-AA44-6FCED1199432}.Debug|Any CPU.ActiveCfg = Debug|Any CPU
		{52DC9252-5FCC-4B46-AA44-6FCED1199432}.Debug|Any CPU.Build.0 = Debug|Any CPU
		{52DC9252-5FCC-4B46-AA44-6FCED1199432}.Release|Any CPU.ActiveCfg = Release|Any CPU
		{52DC9252-5FCC-4B46-AA44-6FCED1199432}.Release|Any CPU.Build.0 = Release|Any CPU
	EndGlobalSection
	GlobalSection(SolutionProperties) = preSolution
		HideSolutionNode = FALSE
	EndGlobalSection
	GlobalSection(ExtensibilityGlobals) = postSolution
		SolutionGuid = {D03BE2AE-0396-48E3-9128-BEBD410101D0}
	EndGlobalSection
EndGlobal
